
Microsoft Visual Studio Solution File, Format Version 12.00
# Visual Studio 15
VisualStudioVersion = 15.0.28307.271
MinimumVisualStudioVersion = 10.0.40219.1
Project("{FAE04EC0-301F-11D3-BF4B-00C04F79EFBC}") = "HelloApp.Android", "HelloApp\HelloApp.Android\HelloApp.Android.csproj", "{53A5EC8B-AF6A-4197-BCA2-C4ACD532FA64}"
EndProject
Project("{FAE04EC0-301F-11D3-BF4B-00C04F79EFBC}") = "HelloApp.iOS", "HelloApp\HelloApp.iOS\HelloApp.iOS.csproj", "{BA217CA0-6A65-44C9-882A-E00998892C68}"
EndProject
Project("{FAE04EC0-301F-11D3-BF4B-00C04F79EFBC}") = "HelloApp.UWP", "HelloApp\HelloApp.UWP\HelloApp.UWP.csproj", "{6B79E298-4C71-4E05-A4B4-E44A9A6A9BAC}"
EndProject
Project("{FAE04EC0-301F-11D3-BF4B-00C04F79EFBC}") = "HelloApp", "HelloApp\HelloApp\HelloApp.csproj", "{CD558229-CF60-4B8E-B73C-78925CDC2940}"
EndProject
Global
	GlobalSection(SolutionConfigurationPlatforms) = preSolution
		Ad-Hoc|Any CPU = Ad-Hoc|Any CPU
		Ad-Hoc|ARM = Ad-Hoc|ARM
		Ad-Hoc|iPhone = Ad-Hoc|iPhone
		Ad-Hoc|iPhoneSimulator = Ad-Hoc|iPhoneSimulator
		Ad-Hoc|x64 = Ad-Hoc|x64
		Ad-Hoc|x86 = Ad-Hoc|x86
		AppStore|Any CPU = AppStore|Any CPU
		AppStore|ARM = AppStore|ARM
		AppStore|iPhone = AppStore|iPhone
		AppStore|iPhoneSimulator = AppStore|iPhoneSimulator
		AppStore|x64 = AppStore|x64
		AppStore|x86 = AppStore|x86
		Debug|Any CPU = Debug|Any CPU
		Debug|ARM = Debug|ARM
		Debug|iPhone = Debug|iPhone
		Debug|iPhoneSimulator = Debug|iPhoneSimulator
		Debug|x64 = Debug|x64
		Debug|x86 = Debug|x86
		Release|Any CPU = Release|Any CPU
		Release|ARM = Release|ARM
		Release|iPhone = Release|iPhone
		Release|iPhoneSimulator = Release|iPhoneSimulator
		Release|x64 = Release|x64
		Release|x86 = Release|x86
	EndGlobalSection
	GlobalSection(ProjectConfigurationPlatforms) = postSolution
		{53A5EC8B-AF6A-4197-BCA2-C4ACD532FA64}.Ad-Hoc|Any CPU.ActiveCfg = Release|Any CPU
		{53A5EC8B-AF6A-4197-BCA2-C4ACD532FA64}.Ad-Hoc|Any CPU.Build.0 = Release|Any CPU
		{53A5EC8B-AF6A-4197-BCA2-C4ACD532FA64}.Ad-Hoc|Any CPU.Deploy.0 = Release|Any CPU
		{53A5EC8B-AF6A-4197-BCA2-C4ACD532FA64}.Ad-Hoc|ARM.ActiveCfg = Release|Any CPU
		{53A5EC8B-AF6A-4197-BCA2-C4ACD532FA64}.Ad-Hoc|ARM.Build.0 = Release|Any CPU
		{53A5EC8B-AF6A-4197-BCA2-C4ACD532FA64}.Ad-Hoc|ARM.Deploy.0 = Release|Any CPU
		{53A5EC8B-AF6A-4197-BCA2-C4ACD532FA64}.Ad-Hoc|iPhone.ActiveCfg = Release|Any CPU
		{53A5EC8B-AF6A-4197-BCA2-C4ACD532FA64}.Ad-Hoc|iPhone.Build.0 = Release|Any CPU
		{53A5EC8B-AF6A-4197-BCA2-C4ACD532FA64}.Ad-Hoc|iPhone.Deploy.0 = Release|Any CPU
		{53A5EC8B-AF6A-4197-BCA2-C4ACD532FA64}.Ad-Hoc|iPhoneSimulator.ActiveCfg = Release|Any CPU
		{53A5EC8B-AF6A-4197-BCA2-C4ACD532FA64}.Ad-Hoc|iPhoneSimulator.Build.0 = Release|Any CPU
		{53A5EC8B-AF6A-4197-BCA2-C4ACD532FA64}.Ad-Hoc|iPhoneSimulator.Deploy.0 = Release|Any CPU
		{53A5EC8B-AF6A-4197-BCA2-C4ACD532FA64}.Ad-Hoc|x64.ActiveCfg = Release|Any CPU
		{53A5EC8B-AF6A-4197-BCA2-C4ACD532FA64}.Ad-Hoc|x64.Build.0 = Release|Any CPU
		{53A5EC8B-AF6A-4197-BCA2-C4ACD532FA64}.Ad-Hoc|x64.Deploy.0 = Release|Any CPU
		{53A5EC8B-AF6A-4197-BCA2-C4ACD532FA64}.Ad-Hoc|x86.ActiveCfg = Release|Any CPU
		{53A5EC8B-AF6A-4197-BCA2-C4ACD532FA64}.Ad-Hoc|x86.Build.0 = Release|Any CPU
		{53A5EC8B-AF6A-4197-BCA2-C4ACD532FA64}.Ad-Hoc|x86.Deploy.0 = Release|Any CPU
		{53A5EC8B-AF6A-4197-BCA2-C4ACD532FA64}.AppStore|Any CPU.ActiveCfg = Release|Any CPU
		{53A5EC8B-AF6A-4197-BCA2-C4ACD532FA64}.AppStore|Any CPU.Build.0 = Release|Any CPU
		{53A5EC8B-AF6A-4197-BCA2-C4ACD532FA64}.AppStore|Any CPU.Deploy.0 = Release|Any CPU
		{53A5EC8B-AF6A-4197-BCA2-C4ACD532FA64}.AppStore|ARM.ActiveCfg = Release|Any CPU
		{53A5EC8B-AF6A-4197-BCA2-C4ACD532FA64}.AppStore|ARM.Build.0 = Release|Any CPU
		{53A5EC8B-AF6A-4197-BCA2-C4ACD532FA64}.AppStore|ARM.Deploy.0 = Release|Any CPU
		{53A5EC8B-AF6A-4197-BCA2-C4ACD532FA64}.AppStore|iPhone.ActiveCfg = Release|Any CPU
		{53A5EC8B-AF6A-4197-BCA2-C4ACD532FA64}.AppStore|iPhone.Build.0 = Release|Any CPU
		{53A5EC8B-AF6A-4197-BCA2-C4ACD532FA64}.AppStore|iPhone.Deploy.0 = Release|Any CPU
		{53A5EC8B-AF6A-4197-BCA2-C4ACD532FA64}.AppStore|iPhoneSimulator.ActiveCfg = Release|Any CPU
		{53A5EC8B-AF6A-4197-BCA2-C4ACD532FA64}.AppStore|iPhoneSimulator.Build.0 = Release|Any CPU
		{53A5EC8B-AF6A-4197-BCA2-C4ACD532FA64}.AppStore|iPhoneSimulator.Deploy.0 = Release|Any CPU
		{53A5EC8B-AF6A-4197-BCA2-C4ACD532FA64}.AppStore|x64.ActiveCfg = Release|Any CPU
		{53A5EC8B-AF6A-4197-BCA2-C4ACD532FA64}.AppStore|x64.Build.0 = Release|Any CPU
		{53A5EC8B-AF6A-4197-BCA2-C4ACD532FA64}.AppStore|x64.Deploy.0 = Release|Any CPU
		{53A5EC8B-AF6A-4197-BCA2-C4ACD532FA64}.AppStore|x86.ActiveCfg = Release|Any CPU
		{53A5EC8B-AF6A-4197-BCA2-C4ACD532FA64}.AppStore|x86.Build.0 = Release|Any CPU
		{53A5EC8B-AF6A-4197-BCA2-C4ACD532FA64}.AppStore|x86.Deploy.0 = Release|Any CPU
		{53A5EC8B-AF6A-4197-BCA2-C4ACD532FA64}.Debug|Any CPU.ActiveCfg = Debug|Any CPU
		{53A5EC8B-AF6A-4197-BCA2-C4ACD532FA64}.Debug|Any CPU.Build.0 = Debug|Any CPU
		{53A5EC8B-AF6A-4197-BCA2-C4ACD532FA64}.Debug|Any CPU.Deploy.0 = Debug|Any CPU
		{53A5EC8B-AF6A-4197-BCA2-C4ACD532FA64}.Debug|ARM.ActiveCfg = Debug|Any CPU
		{53A5EC8B-AF6A-4197-BCA2-C4ACD532FA64}.Debug|ARM.Build.0 = Debug|Any CPU
		{53A5EC8B-AF6A-4197-BCA2-C4ACD532FA64}.Debug|ARM.Deploy.0 = Debug|Any CPU
		{53A5EC8B-AF6A-4197-BCA2-C4ACD532FA64}.Debug|iPhone.ActiveCfg = Debug|Any CPU
		{53A5EC8B-AF6A-4197-BCA2-C4ACD532FA64}.Debug|iPhone.Build.0 = Debug|Any CPU
		{53A5EC8B-AF6A-4197-BCA2-C4ACD532FA64}.Debug|iPhone.Deploy.0 = Debug|Any CPU
		{53A5EC8B-AF6A-4197-BCA2-C4ACD532FA64}.Debug|iPhoneSimulator.ActiveCfg = Debug|Any CPU
		{53A5EC8B-AF6A-4197-BCA2-C4ACD532FA64}.Debug|iPhoneSimulator.Build.0 = Debug|Any CPU
		{53A5EC8B-AF6A-4197-BCA2-C4ACD532FA64}.Debug|iPhoneSimulator.Deploy.0 = Debug|Any CPU
		{53A5EC8B-AF6A-4197-BCA2-C4ACD532FA64}.Debug|x64.ActiveCfg = Debug|Any CPU
		{53A5EC8B-AF6A-4197-BCA2-C4ACD532FA64}.Debug|x64.Build.0 = Debug|Any CPU
		{53A5EC8B-AF6A-4197-BCA2-C4ACD532FA64}.Debug|x64.Deploy.0 = Debug|Any CPU
		{53A5EC8B-AF6A-4197-BCA2-C4ACD532FA64}.Debug|x86.ActiveCfg = Debug|Any CPU
		{53A5EC8B-AF6A-4197-BCA2-C4ACD532FA64}.Debug|x86.Build.0 = Debug|Any CPU
		{53A5EC8B-AF6A-4197-BCA2-C4ACD532FA64}.Debug|x86.Deploy.0 = Debug|Any CPU
		{53A5EC8B-AF6A-4197-BCA2-C4ACD532FA64}.Release|Any CPU.ActiveCfg = Release|Any CPU
		{53A5EC8B-AF6A-4197-BCA2-C4ACD532FA64}.Release|Any CPU.Build.0 = Release|Any CPU
		{53A5EC8B-AF6A-4197-BCA2-C4ACD532FA64}.Release|Any CPU.Deploy.0 = Release|Any CPU
		{53A5EC8B-AF6A-4197-BCA2-C4ACD532FA64}.Release|ARM.ActiveCfg = Release|Any CPU
		{53A5EC8B-AF6A-4197-BCA2-C4ACD532FA64}.Release|ARM.Build.0 = Release|Any CPU
		{53A5EC8B-AF6A-4197-BCA2-C4ACD532FA64}.Release|ARM.Deploy.0 = Release|Any CPU
		{53A5EC8B-AF6A-4197-BCA2-C4ACD532FA64}.Release|iPhone.ActiveCfg = Release|Any CPU
		{53A5EC8B-AF6A-4197-BCA2-C4ACD532FA64}.Release|iPhone.Build.0 = Release|Any CPU
		{53A5EC8B-AF6A-4197-BCA2-C4ACD532FA64}.Release|iPhone.Deploy.0 = Release|Any CPU
		{53A5EC8B-AF6A-4197-BCA2-C4ACD532FA64}.Release|iPhoneSimulator.ActiveCfg = Release|Any CPU
		{53A5EC8B-AF6A-4197-BCA2-C4ACD532FA64}.Release|iPhoneSimulator.Build.0 = Release|Any CPU
		{53A5EC8B-AF6A-4197-BCA2-C4ACD532FA64}.Release|iPhoneSimulator.Deploy.0 = Release|Any CPU
		{53A5EC8B-AF6A-4197-BCA2-C4ACD532FA64}.Release|x64.ActiveCfg = Release|Any CPU
		{53A5EC8B-AF6A-4197-BCA2-C4ACD532FA64}.Release|x64.Build.0 = Release|Any CPU
		{53A5EC8B-AF6A-4197-BCA2-C4ACD532FA64}.Release|x64.Deploy.0 = Release|Any CPU
		{53A5EC8B-AF6A-4197-BCA2-C4ACD532FA64}.Release|x86.ActiveCfg = Release|Any CPU
		{53A5EC8B-AF6A-4197-BCA2-C4ACD532FA64}.Release|x86.Build.0 = Release|Any CPU
		{53A5EC8B-AF6A-4197-BCA2-C4ACD532FA64}.Release|x86.Deploy.0 = Release|Any CPU
		{BA217CA0-6A65-44C9-882A-E00998892C68}.Ad-Hoc|Any CPU.ActiveCfg = Ad-Hoc|iPhone
		{BA217CA0-6A65-44C9-882A-E00998892C68}.Ad-Hoc|Any CPU.Build.0 = Ad-Hoc|iPhone
		{BA217CA0-6A65-44C9-882A-E00998892C68}.Ad-Hoc|Any CPU.Deploy.0 = Ad-Hoc|iPhone
		{BA217CA0-6A65-44C9-882A-E00998892C68}.Ad-Hoc|ARM.ActiveCfg = Ad-Hoc|iPhone
		{BA217CA0-6A65-44C9-882A-E00998892C68}.Ad-Hoc|ARM.Build.0 = Ad-Hoc|iPhone
		{BA217CA0-6A65-44C9-882A-E00998892C68}.Ad-Hoc|ARM.Deploy.0 = Ad-Hoc|iPhone
		{BA217CA0-6A65-44C9-882A-E00998892C68}.Ad-Hoc|iPhone.ActiveCfg = Ad-Hoc|iPhone
		{BA217CA0-6A65-44C9-882A-E00998892C68}.Ad-Hoc|iPhone.Build.0 = Ad-Hoc|iPhone
		{BA217CA0-6A65-44C9-882A-E00998892C68}.Ad-Hoc|iPhone.Deploy.0 = Ad-Hoc|iPhone
		{BA217CA0-6A65-44C9-882A-E00998892C68}.Ad-Hoc|iPhoneSimulator.ActiveCfg = Ad-Hoc|iPhoneSimulator
		{BA217CA0-6A65-44C9-882A-E00998892C68}.Ad-Hoc|iPhoneSimulator.Build.0 = Ad-Hoc|iPhoneSimulator
		{BA217CA0-6A65-44C9-882A-E00998892C68}.Ad-Hoc|iPhoneSimulator.Deploy.0 = Ad-Hoc|iPhoneSimulator
		{BA217CA0-6A65-44C9-882A-E00998892C68}.Ad-Hoc|x64.ActiveCfg = Ad-Hoc|iPhone
		{BA217CA0-6A65-44C9-882A-E00998892C68}.Ad-Hoc|x64.Build.0 = Ad-Hoc|iPhone
		{BA217CA0-6A65-44C9-882A-E00998892C68}.Ad-Hoc|x64.Deploy.0 = Ad-Hoc|iPhone
		{BA217CA0-6A65-44C9-882A-E00998892C68}.Ad-Hoc|x86.ActiveCfg = Ad-Hoc|iPhone
		{BA217CA0-6A65-44C9-882A-E00998892C68}.Ad-Hoc|x86.Build.0 = Ad-Hoc|iPhone
		{BA217CA0-6A65-44C9-882A-E00998892C68}.Ad-Hoc|x86.Deploy.0 = Ad-Hoc|iPhone
		{BA217CA0-6A65-44C9-882A-E00998892C68}.AppStore|Any CPU.ActiveCfg = AppStore|iPhone
		{BA217CA0-6A65-44C9-882A-E00998892C68}.AppStore|Any CPU.Build.0 = AppStore|iPhone
		{BA217CA0-6A65-44C9-882A-E00998892C68}.AppStore|Any CPU.Deploy.0 = AppStore|iPhone
		{BA217CA0-6A65-44C9-882A-E00998892C68}.AppStore|ARM.ActiveCfg = AppStore|iPhone
		{BA217CA0-6A65-44C9-882A-E00998892C68}.AppStore|ARM.Build.0 = AppStore|iPhone
		{BA217CA0-6A65-44C9-882A-E00998892C68}.AppStore|ARM.Deploy.0 = AppStore|iPhone
		{BA217CA0-6A65-44C9-882A-E00998892C68}.AppStore|iPhone.ActiveCfg = AppStore|iPhone
		{BA217CA0-6A65-44C9-882A-E00998892C68}.AppStore|iPhone.Build.0 = AppStore|iPhone
		{BA217CA0-6A65-44C9-882A-E00998892C68}.AppStore|iPhone.Deploy.0 = AppStore|iPhone
		{BA217CA0-6A65-44C9-882A-E00998892C68}.AppStore|iPhoneSimulator.ActiveCfg = AppStore|iPhoneSimulator
		{BA217CA0-6A65-44C9-882A-E00998892C68}.AppStore|iPhoneSimulator.Build.0 = AppStore|iPhoneSimulator
		{BA217CA0-6A65-44C9-882A-E00998892C68}.AppStore|iPhoneSimulator.Deploy.0 = AppStore|iPhoneSimulator
		{BA217CA0-6A65-44C9-882A-E00998892C68}.AppStore|x64.ActiveCfg = AppStore|iPhone
		{BA217CA0-6A65-44C9-882A-E00998892C68}.AppStore|x64.Build.0 = AppStore|iPhone
		{BA217CA0-6A65-44C9-882A-E00998892C68}.AppStore|x64.Deploy.0 = AppStore|iPhone
		{BA217CA0-6A65-44C9-882A-E00998892C68}.AppStore|x86.ActiveCfg = AppStore|iPhone
		{BA217CA0-6A65-44C9-882A-E00998892C68}.AppStore|x86.Build.0 = AppStore|iPhone
		{BA217CA0-6A65-44C9-882A-E00998892C68}.AppStore|x86.Deploy.0 = AppStore|iPhone
		{BA217CA0-6A65-44C9-882A-E00998892C68}.Debug|Any CPU.ActiveCfg = Debug|iPhoneSimulator
		{BA217CA0-6A65-44C9-882A-E00998892C68}.Debug|Any CPU.Build.0 = Debug|iPhoneSimulator
		{BA217CA0-6A65-44C9-882A-E00998892C68}.Debug|Any CPU.Deploy.0 = Debug|iPhoneSimulator
		{BA217CA0-6A65-44C9-882A-E00998892C68}.Debug|ARM.ActiveCfg = Debug|iPhone
		{BA217CA0-6A65-44C9-882A-E00998892C68}.Debug|ARM.Build.0 = Debug|iPhone
		{BA217CA0-6A65-44C9-882A-E00998892C68}.Debug|ARM.Deploy.0 = Debug|iPhone
		{BA217CA0-6A65-44C9-882A-E00998892C68}.Debug|iPhone.ActiveCfg = Debug|iPhone
		{BA217CA0-6A65-44C9-882A-E00998892C68}.Debug|iPhone.Build.0 = Debug|iPhone
		{BA217CA0-6A65-44C9-882A-E00998892C68}.Debug|iPhone.Deploy.0 = Debug|iPhone
		{BA217CA0-6A65-44C9-882A-E00998892C68}.Debug|iPhoneSimulator.ActiveCfg = Debug|iPhoneSimulator
		{BA217CA0-6A65-44C9-882A-E00998892C68}.Debug|iPhoneSimulator.Build.0 = Debug|iPhoneSimulator
		{BA217CA0-6A65-44C9-882A-E00998892C68}.Debug|iPhoneSimulator.Deploy.0 = Debug|iPhoneSimulator
		{BA217CA0-6A65-44C9-882A-E00998892C68}.Debug|x64.ActiveCfg = Debug|iPhone
		{BA217CA0-6A65-44C9-882A-E00998892C68}.Debug|x64.Build.0 = Debug|iPhone
		{BA217CA0-6A65-44C9-882A-E00998892C68}.Debug|x64.Deploy.0 = Debug|iPhone
		{BA217CA0-6A65-44C9-882A-E00998892C68}.Debug|x86.ActiveCfg = Debug|iPhone
		{BA217CA0-6A65-44C9-882A-E00998892C68}.Debug|x86.Build.0 = Debug|iPhone
		{BA217CA0-6A65-44C9-882A-E00998892C68}.Debug|x86.Deploy.0 = Debug|iPhone
		{BA217CA0-6A65-44C9-882A-E00998892C68}.Release|Any CPU.ActiveCfg = Release|iPhone
		{BA217CA0-6A65-44C9-882A-E00998892C68}.Release|Any CPU.Build.0 = Release|iPhone
		{BA217CA0-6A65-44C9-882A-E00998892C68}.Release|Any CPU.Deploy.0 = Release|iPhone
		{BA217CA0-6A65-44C9-882A-E00998892C68}.Release|ARM.ActiveCfg = Release|iPhone
		{BA217CA0-6A65-44C9-882A-E00998892C68}.Release|ARM.Build.0 = Release|iPhone
		{BA217CA0-6A65-44C9-882A-E00998892C68}.Release|ARM.Deploy.0 = Release|iPhone
		{BA217CA0-6A65-44C9-882A-E00998892C68}.Release|iPhone.ActiveCfg = Release|iPhone
		{BA217CA0-6A65-44C9-882A-E00998892C68}.Release|iPhone.Build.0 = Release|iPhone
		{BA217CA0-6A65-44C9-882A-E00998892C68}.Release|iPhone.Deploy.0 = Release|iPhone
		{BA217CA0-6A65-44C9-882A-E00998892C68}.Release|iPhoneSimulator.ActiveCfg = Release|iPhoneSimulator
		{BA217CA0-6A65-44C9-882A-E00998892C68}.Release|iPhoneSimulator.Build.0 = Release|iPhoneSimulator
		{BA217CA0-6A65-44C9-882A-E00998892C68}.Release|iPhoneSimulator.Deploy.0 = Release|iPhoneSimulator
		{BA217CA0-6A65-44C9-882A-E00998892C68}.Release|x64.ActiveCfg = Release|iPhone
		{BA217CA0-6A65-44C9-882A-E00998892C68}.Release|x64.Build.0 = Release|iPhone
		{BA217CA0-6A65-44C9-882A-E00998892C68}.Release|x64.Deploy.0 = Release|iPhone
		{BA217CA0-6A65-44C9-882A-E00998892C68}.Release|x86.ActiveCfg = Release|iPhone
		{BA217CA0-6A65-44C9-882A-E00998892C68}.Release|x86.Build.0 = Release|iPhone
		{BA217CA0-6A65-44C9-882A-E00998892C68}.Release|x86.Deploy.0 = Release|iPhone
		{6B79E298-4C71-4E05-A4B4-E44A9A6A9BAC}.Ad-Hoc|Any CPU.ActiveCfg = Release|x86
		{6B79E298-4C71-4E05-A4B4-E44A9A6A9BAC}.Ad-Hoc|Any CPU.Build.0 = Release|x86
		{6B79E298-4C71-4E05-A4B4-E44A9A6A9BAC}.Ad-Hoc|Any CPU.Deploy.0 = Release|x86
		{6B79E298-4C71-4E05-A4B4-E44A9A6A9BAC}.Ad-Hoc|ARM.ActiveCfg = Release|ARM
		{6B79E298-4C71-4E05-A4B4-E44A9A6A9BAC}.Ad-Hoc|ARM.Build.0 = Release|ARM
		{6B79E298-4C71-4E05-A4B4-E44A9A6A9BAC}.Ad-Hoc|ARM.Deploy.0 = Release|ARM
		{6B79E298-4C71-4E05-A4B4-E44A9A6A9BAC}.Ad-Hoc|iPhone.ActiveCfg = Release|x86
		{6B79E298-4C71-4E05-A4B4-E44A9A6A9BAC}.Ad-Hoc|iPhone.Build.0 = Release|x86
		{6B79E298-4C71-4E05-A4B4-E44A9A6A9BAC}.Ad-Hoc|iPhone.Deploy.0 = Release|x86
		{6B79E298-4C71-4E05-A4B4-E44A9A6A9BAC}.Ad-Hoc|iPhoneSimulator.ActiveCfg = Release|x86
		{6B79E298-4C71-4E05-A4B4-E44A9A6A9BAC}.Ad-Hoc|iPhoneSimulator.Build.0 = Release|x86
		{6B79E298-4C71-4E05-A4B4-E44A9A6A9BAC}.Ad-Hoc|iPhoneSimulator.Deploy.0 = Release|x86
		{6B79E298-4C71-4E05-A4B4-E44A9A6A9BAC}.Ad-Hoc|x64.ActiveCfg = Release|x64
		{6B79E298-4C71-4E05-A4B4-E44A9A6A9BAC}.Ad-Hoc|x64.Build.0 = Release|x64
		{6B79E298-4C71-4E05-A4B4-E44A9A6A9BAC}.Ad-Hoc|x64.Deploy.0 = Release|x64
		{6B79E298-4C71-4E05-A4B4-E44A9A6A9BAC}.Ad-Hoc|x86.ActiveCfg = Release|x86
		{6B79E298-4C71-4E05-A4B4-E44A9A6A9BAC}.Ad-Hoc|x86.Build.0 = Release|x86
		{6B79E298-4C71-4E05-A4B4-E44A9A6A9BAC}.Ad-Hoc|x86.Deploy.0 = Release|x86
		{6B79E298-4C71-4E05-A4B4-E44A9A6A9BAC}.AppStore|Any CPU.ActiveCfg = Release|x86
		{6B79E298-4C71-4E05-A4B4-E44A9A6A9BAC}.AppStore|Any CPU.Build.0 = Release|x86
		{6B79E298-4C71-4E05-A4B4-E44A9A6A9BAC}.AppStore|Any CPU.Deploy.0 = Release|x86
		{6B79E298-4C71-4E05-A4B4-E44A9A6A9BAC}.AppStore|ARM.ActiveCfg = Release|ARM
		{6B79E298-4C71-4E05-A4B4-E44A9A6A9BAC}.AppStore|ARM.Build.0 = Release|ARM
		{6B79E298-4C71-4E05-A4B4-E44A9A6A9BAC}.AppStore|ARM.Deploy.0 = Release|ARM
		{6B79E298-4C71-4E05-A4B4-E44A9A6A9BAC}.AppStore|iPhone.ActiveCfg = Release|x86
		{6B79E298-4C71-4E05-A4B4-E44A9A6A9BAC}.AppStore|iPhone.Build.0 = Release|x86
		{6B79E298-4C71-4E05-A4B4-E44A9A6A9BAC}.AppStore|iPhone.Deploy.0 = Release|x86
		{6B79E298-4C71-4E05-A4B4-E44A9A6A9BAC}.AppStore|iPhoneSimulator.ActiveCfg = Release|x86
		{6B79E298-4C71-4E05-A4B4-E44A9A6A9BAC}.AppStore|iPhoneSimulator.Build.0 = Release|x86
		{6B79E298-4C71-4E05-A4B4-E44A9A6A9BAC}.AppStore|iPhoneSimulator.Deploy.0 = Release|x86
		{6B79E298-4C71-4E05-A4B4-E44A9A6A9BAC}.AppStore|x64.ActiveCfg = Release|x64
		{6B79E298-4C71-4E05-A4B4-E44A9A6A9BAC}.AppStore|x64.Build.0 = Release|x64
		{6B79E298-4C71-4E05-A4B4-E44A9A6A9BAC}.AppStore|x64.Deploy.0 = Release|x64
		{6B79E298-4C71-4E05-A4B4-E44A9A6A9BAC}.AppStore|x86.ActiveCfg = Release|x86
		{6B79E298-4C71-4E05-A4B4-E44A9A6A9BAC}.AppStore|x86.Build.0 = Release|x86
		{6B79E298-4C71-4E05-A4B4-E44A9A6A9BAC}.AppStore|x86.Deploy.0 = Release|x86
		{6B79E298-4C71-4E05-A4B4-E44A9A6A9BAC}.Debug|Any CPU.ActiveCfg = Debug|x86
		{6B79E298-4C71-4E05-A4B4-E44A9A6A9BAC}.Debug|Any CPU.Build.0 = Debug|x86
		{6B79E298-4C71-4E05-A4B4-E44A9A6A9BAC}.Debug|Any CPU.Deploy.0 = Debug|x86
		{6B79E298-4C71-4E05-A4B4-E44A9A6A9BAC}.Debug|ARM.ActiveCfg = Debug|ARM
		{6B79E298-4C71-4E05-A4B4-E44A9A6A9BAC}.Debug|ARM.Build.0 = Debug|ARM
		{6B79E298-4C71-4E05-A4B4-E44A9A6A9BAC}.Debug|ARM.Deploy.0 = Debug|ARM
		{6B79E298-4C71-4E05-A4B4-E44A9A6A9BAC}.Debug|iPhone.ActiveCfg = Debug|x86
		{6B79E298-4C71-4E05-A4B4-E44A9A6A9BAC}.Debug|iPhone.Build.0 = Debug|x86
		{6B79E298-4C71-4E05-A4B4-E44A9A6A9BAC}.Debug|iPhone.Deploy.0 = Debug|x86
		{6B79E298-4C71-4E05-A4B4-E44A9A6A9BAC}.Debug|iPhoneSimulator.ActiveCfg = Debug|x86
		{6B79E298-4C71-4E05-A4B4-E44A9A6A9BAC}.Debug|iPhoneSimulator.Build.0 = Debug|x86
		{6B79E298-4C71-4E05-A4B4-E44A9A6A9BAC}.Debug|iPhoneSimulator.Deploy.0 = Debug|x86
		{6B79E298-4C71-4E05-A4B4-E44A9A6A9BAC}.Debug|x64.ActiveCfg = Debug|x64
		{6B79E298-4C71-4E05-A4B4-E44A9A6A9BAC}.Debug|x64.Build.0 = Debug|x64
		{6B79E298-4C71-4E05-A4B4-E44A9A6A9BAC}.Debug|x64.Deploy.0 = Debug|x64
		{6B79E298-4C71-4E05-A4B4-E44A9A6A9BAC}.Debug|x86.ActiveCfg = Debug|x86
		{6B79E298-4C71-4E05-A4B4-E44A9A6A9BAC}.Debug|x86.Build.0 = Debug|x86
		{6B79E298-4C71-4E05-A4B4-E44A9A6A9BAC}.Debug|x86.Deploy.0 = Debug|x86
		{6B79E298-4C71-4E05-A4B4-E44A9A6A9BAC}.Release|Any CPU.ActiveCfg = Release|x86
		{6B79E298-4C71-4E05-A4B4-E44A9A6A9BAC}.Release|Any CPU.Build.0 = Release|x86
		{6B79E298-4C71-4E05-A4B4-E44A9A6A9BAC}.Release|Any CPU.Deploy.0 = Release|x86
		{6B79E298-4C71-4E05-A4B4-E44A9A6A9BAC}.Release|ARM.ActiveCfg = Release|ARM
		{6B79E298-4C71-4E05-A4B4-E44A9A6A9BAC}.Release|ARM.Build.0 = Release|ARM
		{6B79E298-4C71-4E05-A4B4-E44A9A6A9BAC}.Release|ARM.Deploy.0 = Release|ARM
		{6B79E298-4C71-4E05-A4B4-E44A9A6A9BAC}.Release|iPhone.ActiveCfg = Release|x86
		{6B79E298-4C71-4E05-A4B4-E44A9A6A9BAC}.Release|iPhone.Build.0 = Release|x86
		{6B79E298-4C71-4E05-A4B4-E44A9A6A9BAC}.Release|iPhone.Deploy.0 = Release|x86
		{6B79E298-4C71-4E05-A4B4-E44A9A6A9BAC}.Release|iPhoneSimulator.ActiveCfg = Release|x86
		{6B79E298-4C71-4E05-A4B4-E44A9A6A9BAC}.Release|iPhoneSimulator.Build.0 = Release|x86
		{6B79E298-4C71-4E05-A4B4-E44A9A6A9BAC}.Release|iPhoneSimulator.Deploy.0 = Release|x86
		{6B79E298-4C71-4E05-A4B4-E44A9A6A9BAC}.Release|x64.ActiveCfg = Release|x64
		{6B79E298-4C71-4E05-A4B4-E44A9A6A9BAC}.Release|x64.Build.0 = Release|x64
		{6B79E298-4C71-4E05-A4B4-E44A9A6A9BAC}.Release|x64.Deploy.0 = Release|x64
		{6B79E298-4C71-4E05-A4B4-E44A9A6A9BAC}.Release|x86.ActiveCfg = Release|x86
		{6B79E298-4C71-4E05-A4B4-E44A9A6A9BAC}.Release|x86.Build.0 = Release|x86
		{6B79E298-4C71-4E05-A4B4-E44A9A6A9BAC}.Release|x86.Deploy.0 = Release|x86
		{CD558229-CF60-4B8E-B73C-78925CDC2940}.Ad-Hoc|Any CPU.ActiveCfg = Debug|Any CPU
		{CD558229-CF60-4B8E-B73C-78925CDC2940}.Ad-Hoc|Any CPU.Build.0 = Debug|Any CPU
		{CD558229-CF60-4B8E-B73C-78925CDC2940}.Ad-Hoc|Any CPU.Deploy.0 = Debug|Any CPU
		{CD558229-CF60-4B8E-B73C-78925CDC2940}.Ad-Hoc|ARM.ActiveCfg = Debug|Any CPU
		{CD558229-CF60-4B8E-B73C-78925CDC2940}.Ad-Hoc|ARM.Build.0 = Debug|Any CPU
		{CD558229-CF60-4B8E-B73C-78925CDC2940}.Ad-Hoc|ARM.Deploy.0 = Debug|Any CPU
		{CD558229-CF60-4B8E-B73C-78925CDC2940}.Ad-Hoc|iPhone.ActiveCfg = Debug|Any CPU
		{CD558229-CF60-4B8E-B73C-78925CDC2940}.Ad-Hoc|iPhone.Build.0 = Debug|Any CPU
		{CD558229-CF60-4B8E-B73C-78925CDC2940}.Ad-Hoc|iPhone.Deploy.0 = Debug|Any CPU
		{CD558229-CF60-4B8E-B73C-78925CDC2940}.Ad-Hoc|iPhoneSimulator.ActiveCfg = Debug|Any CPU
		{CD558229-CF60-4B8E-B73C-78925CDC2940}.Ad-Hoc|iPhoneSimulator.Build.0 = Debug|Any CPU
		{CD558229-CF60-4B8E-B73C-78925CDC2940}.Ad-Hoc|iPhoneSimulator.Deploy.0 = Debug|Any CPU
		{CD558229-CF60-4B8E-B73C-78925CDC2940}.Ad-Hoc|x64.ActiveCfg = Debug|Any CPU
		{CD558229-CF60-4B8E-B73C-78925CDC2940}.Ad-Hoc|x64.Build.0 = Debug|Any CPU
		{CD558229-CF60-4B8E-B73C-78925CDC2940}.Ad-Hoc|x64.Deploy.0 = Debug|Any CPU
		{CD558229-CF60-4B8E-B73C-78925CDC2940}.Ad-Hoc|x86.ActiveCfg = Debug|Any CPU
		{CD558229-CF60-4B8E-B73C-78925CDC2940}.Ad-Hoc|x86.Build.0 = Debug|Any CPU
		{CD558229-CF60-4B8E-B73C-78925CDC2940}.Ad-Hoc|x86.Deploy.0 = Debug|Any CPU
		{CD558229-CF60-4B8E-B73C-78925CDC2940}.AppStore|Any CPU.ActiveCfg = Debug|Any CPU
		{CD558229-CF60-4B8E-B73C-78925CDC2940}.AppStore|Any CPU.Build.0 = Debug|Any CPU
		{CD558229-CF60-4B8E-B73C-78925CDC2940}.AppStore|Any CPU.Deploy.0 = Debug|Any CPU
		{CD558229-CF60-4B8E-B73C-78925CDC2940}.AppStore|ARM.ActiveCfg = Debug|Any CPU
		{CD558229-CF60-4B8E-B73C-78925CDC2940}.AppStore|ARM.Build.0 = Debug|Any CPU
		{CD558229-CF60-4B8E-B73C-78925CDC2940}.AppStore|ARM.Deploy.0 = Debug|Any CPU
		{CD558229-CF60-4B8E-B73C-78925CDC2940}.AppStore|iPhone.ActiveCfg = Debug|Any CPU
		{CD558229-CF60-4B8E-B73C-78925CDC2940}.AppStore|iPhone.Build.0 = Debug|Any CPU
		{CD558229-CF60-4B8E-B73C-78925CDC2940}.AppStore|iPhone.Deploy.0 = Debug|Any CPU
		{CD558229-CF60-4B8E-B73C-78925CDC2940}.AppStore|iPhoneSimulator.ActiveCfg = Debug|Any CPU
		{CD558229-CF60-4B8E-B73C-78925CDC2940}.AppStore|iPhoneSimulator.Build.0 = Debug|Any CPU
		{CD558229-CF60-4B8E-B73C-78925CDC2940}.AppStore|iPhoneSimulator.Deploy.0 = Debug|Any CPU
		{CD558229-CF60-4B8E-B73C-78925CDC2940}.AppStore|x64.ActiveCfg = Debug|Any CPU
		{CD558229-CF60-4B8E-B73C-78925CDC2940}.AppStore|x64.Build.0 = Debug|Any CPU
		{CD558229-CF60-4B8E-B73C-78925CDC2940}.AppStore|x64.Deploy.0 = Debug|Any CPU
		{CD558229-CF60-4B8E-B73C-78925CDC2940}.AppStore|x86.ActiveCfg = Debug|Any CPU
		{CD558229-CF60-4B8E-B73C-78925CDC2940}.AppStore|x86.Build.0 = Debug|Any CPU
		{CD558229-CF60-4B8E-B73C-78925CDC2940}.AppStore|x86.Deploy.0 = Debug|Any CPU
		{CD558229-CF60-4B8E-B73C-78925CDC2940}.Debug|Any CPU.ActiveCfg = Debug|Any CPU
		{CD558229-CF60-4B8E-B73C-78925CDC2940}.Debug|Any CPU.Build.0 = Debug|Any CPU
		{CD558229-CF60-4B8E-B73C-78925CDC2940}.Debug|Any CPU.Deploy.0 = Debug|Any CPU
		{CD558229-CF60-4B8E-B73C-78925CDC2940}.Debug|ARM.ActiveCfg = Debug|Any CPU
		{CD558229-CF60-4B8E-B73C-78925CDC2940}.Debug|ARM.Build.0 = Debug|Any CPU
		{CD558229-CF60-4B8E-B73C-78925CDC2940}.Debug|ARM.Deploy.0 = Debug|Any CPU
		{CD558229-CF60-4B8E-B73C-78925CDC2940}.Debug|iPhone.ActiveCfg = Debug|Any CPU
		{CD558229-CF60-4B8E-B73C-78925CDC2940}.Debug|iPhone.Build.0 = Debug|Any CPU
		{CD558229-CF60-4B8E-B73C-78925CDC2940}.Debug|iPhone.Deploy.0 = Debug|Any CPU
		{CD558229-CF60-4B8E-B73C-78925CDC2940}.Debug|iPhoneSimulator.ActiveCfg = Debug|Any CPU
		{CD558229-CF60-4B8E-B73C-78925CDC2940}.Debug|iPhoneSimulator.Build.0 = Debug|Any CPU
		{CD558229-CF60-4B8E-B73C-78925CDC2940}.Debug|iPhoneSimulator.Deploy.0 = Debug|Any CPU
		{CD558229-CF60-4B8E-B73C-78925CDC2940}.Debug|x64.ActiveCfg = Debug|Any CPU
		{CD558229-CF60-4B8E-B73C-78925CDC2940}.Debug|x64.Build.0 = Debug|Any CPU
		{CD558229-CF60-4B8E-B73C-78925CDC2940}.Debug|x64.Deploy.0 = Debug|Any CPU
		{CD558229-CF60-4B8E-B73C-78925CDC2940}.Debug|x86.ActiveCfg = Debug|Any CPU
		{CD558229-CF60-4B8E-B73C-78925CDC2940}.Debug|x86.Build.0 = Debug|Any CPU
		{CD558229-CF60-4B8E-B73C-78925CDC2940}.Debug|x86.Deploy.0 = Debug|Any CPU
		{CD558229-CF60-4B8E-B73C-78925CDC2940}.Release|Any CPU.ActiveCfg = Release|Any CPU
		{CD558229-CF60-4B8E-B73C-78925CDC2940}.Release|Any CPU.Build.0 = Release|Any CPU
		{CD558229-CF60-4B8E-B73C-78925CDC2940}.Release|Any CPU.Deploy.0 = Release|Any CPU
		{CD558229-CF60-4B8E-B73C-78925CDC2940}.Release|ARM.ActiveCfg = Release|Any CPU
		{CD558229-CF60-4B8E-B73C-78925CDC2940}.Release|ARM.Build.0 = Release|Any CPU
		{CD558229-CF60-4B8E-B73C-78925CDC2940}.Release|ARM.Deploy.0 = Release|Any CPU
		{CD558229-CF60-4B8E-B73C-78925CDC2940}.Release|iPhone.ActiveCfg = Release|Any CPU
		{CD558229-CF60-4B8E-B73C-78925CDC2940}.Release|iPhone.Build.0 = Release|Any CPU
		{CD558229-CF60-4B8E-B73C-78925CDC2940}.Release|iPhone.Deploy.0 = Release|Any CPU
		{CD558229-CF60-4B8E-B73C-78925CDC2940}.Release|iPhoneSimulator.ActiveCfg = Release|Any CPU
		{CD558229-CF60-4B8E-B73C-78925CDC2940}.Release|iPhoneSimulator.Build.0 = Release|Any CPU
		{CD558229-CF60-4B8E-B73C-78925CDC2940}.Release|iPhoneSimulator.Deploy.0 = Release|Any CPU
		{CD558229-CF60-4B8E-B73C-78925CDC2940}.Release|x64.ActiveCfg = Release|Any CPU
		{CD558229-CF60-4B8E-B73C-78925CDC2940}.Release|x64.Build.0 = Release|Any CPU
		{CD558229-CF60-4B8E-B73C-78925CDC2940}.Release|x64.Deploy.0 = Release|Any CPU
		{CD558229-CF60-4B8E-B73C-78925CDC2940}.Release|x86.ActiveCfg = Release|Any CPU
		{CD558229-CF60-4B8E-B73C-78925CDC2940}.Release|x86.Build.0 = Release|Any CPU
		{CD558229-CF60-4B8E-B73C-78925CDC2940}.Release|x86.Deploy.0 = Release|Any CPU
	EndGlobalSection
	GlobalSection(SolutionProperties) = preSolution
		HideSolutionNode = FALSE
	EndGlobalSection
	GlobalSection(ExtensibilityGlobals) = postSolution
		SolutionGuid = {C95E0E0F-0FE0-4FB9-8D35-4CBAC99B462E}
	EndGlobalSection
EndGlobal
